// !$*UTF8*$!
{
	archiveVersion = 1;
	classes = {
	};
	objectVersion = 56;
	objects = {

/* Begin PBXBuildFile section */
		AA000021000000000000001A /* possoajudarApp.swift in Sources */ = {isa = PBXBuildFile; fileRef = AA000020000000000000001A /* possoajudarApp.swift */; };
		AA000023000000000000001A /* ContentView.swift in Sources */ = {isa = PBXBuildFile; fileRef = AA000022000000000000001A /* ContentView.swift */; };
		AA000025000000000000001A /* Models.swift in Sources */ = {isa = PBXBuildFile; fileRef = AA000024000000000000001A /* Models.swift */; };
		AA000027000000000000001A /* HealthKitManager.swift in Sources */ = {isa = PBXBuildFile; fileRef = AA000026000000000000001A /* HealthKitManager.swift */; };
		AA000029000000000000001A /* ClaudeService.swift in Sources */ = {isa = PBXBuildFile; fileRef = AA000028000000000000001A /* ClaudeService.swift */; };
		AA000031000000000000001A /* ReadinessCalculator.swift in Sources */ = {isa = PBXBuildFile; fileRef = AA000030000000000000001A /* ReadinessCalculator.swift */; };
		AA000033000000000000001A /* KeychainService.swift in Sources */ = {isa = PBXBuildFile; fileRef = AA000032000000000000001A /* KeychainService.swift */; };
		AA000035000000000000001A /* PersistenceService.swift in Sources */ = {isa = PBXBuildFile; fileRef = AA000034000000000000001A /* PersistenceService.swift */; };
		AA000037000000000000001A /* SystemPrompt.swift in Sources */ = {isa = PBXBuildFile; fileRef = AA000036000000000000001A /* SystemPrompt.swift */; };
		AA000039000000000000001A /* DashboardView.swift in Sources */ = {isa = PBXBuildFile; fileRef = AA000038000000000000001A /* DashboardView.swift */; };
		AA000041000000000000001A /* TrainerResponseView.swift in Sources */ = {isa = PBXBuildFile; fileRef = AA000040000000000000001A /* TrainerResponseView.swift */; };
		AA000043000000000000001A /* WorkoutLogView.swift in Sources */ = {isa = PBXBuildFile; fileRef = AA000042000000000000001A /* WorkoutLogView.swift */; };
		AA000045000000000000001A /* ChatView.swift in Sources */ = {isa = PBXBuildFile; fileRef = AA000044000000000000001A /* ChatView.swift */; };
		AA000047000000000000001A /* SettingsView.swift in Sources */ = {isa = PBXBuildFile; fileRef = AA000046000000000000001A /* SettingsView.swift */; };
		AA000049000000000000001A /* HistoryView.swift in Sources */ = {isa = PBXBuildFile; fileRef = AA000048000000000000001A /* HistoryView.swift */; };
		AA000051000000000000001A /* ReadinessGaugeView.swift in Sources */ = {isa = PBXBuildFile; fileRef = AA000050000000000000001A /* ReadinessGaugeView.swift */; };
		AA000053000000000000001A /* Assets.xcassets in Resources */ = {isa = PBXBuildFile; fileRef = AA000052000000000000001A /* Assets.xcassets */; };
		AA000055000000000000001A /* HealthKit.framework in Frameworks */ = {isa = PBXBuildFile; fileRef = AA000054000000000000001A /* HealthKit.framework */; };
/* End PBXBuildFile section */

/* Begin PBXFileReference section */
		AA000010000000000000001A /* possoajudar.app */ = {isa = PBXFileReference; explicitFileType = wrapper.application; includeInIndex = 0; path = possoajudar.app; sourceTree = BUILT_PRODUCTS_DIR; };
		AA000019000000000000001A /* Info.plist */ = {isa = PBXFileReference; lastKnownFileType = text.plist.xml; path = Info.plist; sourceTree = "<group>"; };
		AA000020000000000000001A /* possoajudarApp.swift */ = {isa = PBXFileReference; lastKnownFileType = sourcecode.swift; path = possoajudarApp.swift; sourceTree = "<group>"; };
		AA000022000000000000001A /* ContentView.swift */ = {isa = PBXFileReference; lastKnownFileType = sourcecode.swift; path = ContentView.swift; sourceTree = "<group>"; };
		AA000024000000000000001A /* Models.swift */ = {isa = PBXFileReference; lastKnownFileType = sourcecode.swift; path = Models.swift; sourceTree = "<group>"; };
		AA000026000000000000001A /* HealthKitManager.swift */ = {isa = PBXFileReference; lastKnownFileType = sourcecode.swift; path = HealthKitManager.swift; sourceTree = "<group>"; };
		AA000028000000000000001A /* ClaudeService.swift */ = {isa = PBXFileReference; lastKnownFileType = sourcecode.swift; path = ClaudeService.swift; sourceTree = "<group>"; };
		AA000030000000000000001A /* ReadinessCalculator.swift */ = {isa = PBXFileReference; lastKnownFileType = sourcecode.swift; path = ReadinessCalculator.swift; sourceTree = "<group>"; };
		AA000032000000000000001A /* KeychainService.swift */ = {isa = PBXFileReference; lastKnownFileType = sourcecode.swift; path = KeychainService.swift; sourceTree = "<group>"; };
		AA000034000000000000001A /* PersistenceService.swift */ = {isa = PBXFileReference; lastKnownFileType = sourcecode.swift; path = PersistenceService.swift; sourceTree = "<group>"; };
		AA000036000000000000001A /* SystemPrompt.swift */ = {isa = PBXFileReference; lastKnownFileType = sourcecode.swift; path = SystemPrompt.swift; sourceTree = "<group>"; };
		AA000038000000000000001A /* DashboardView.swift */ = {isa = PBXFileReference; lastKnownFileType = sourcecode.swift; path = DashboardView.swift; sourceTree = "<group>"; };
		AA000040000000000000001A /* TrainerResponseView.swift */ = {isa = PBXFileReference; lastKnownFileType = sourcecode.swift; path = TrainerResponseView.swift; sourceTree = "<group>"; };
		AA000042000000000000001A /* WorkoutLogView.swift */ = {isa = PBXFileReference; lastKnownFileType = sourcecode.swift; path = WorkoutLogView.swift; sourceTree = "<group>"; };
		AA000044000000000000001A /* ChatView.swift */ = {isa = PBXFileReference; lastKnownFileType = sourcecode.swift; path = ChatView.swift; sourceTree = "<group>"; };
		AA000046000000000000001A /* SettingsView.swift */ = {isa = PBXFileReference; lastKnownFileType = sourcecode.swift; path = SettingsView.swift; sourceTree = "<group>"; };
		AA000048000000000000001A /* HistoryView.swift */ = {isa = PBXFileReference; lastKnownFileType = sourcecode.swift; path = HistoryView.swift; sourceTree = "<group>"; };
		AA000050000000000000001A /* ReadinessGaugeView.swift */ = {isa = PBXFileReference; lastKnownFileType = sourcecode.swift; path = ReadinessGaugeView.swift; sourceTree = "<group>"; };
		AA000052000000000000001A /* Assets.xcassets */ = {isa = PBXFileReference; lastKnownFileType = folder.assetcatalog; path = Assets.xcassets; sourceTree = "<group>"; };
		AA000054000000000000001A /* HealthKit.framework */ = {isa = PBXFileReference; lastKnownFileType = wrapper.framework; name = HealthKit.framework; path = System/Library/Frameworks/HealthKit.framework; sourceTree = SDKROOT; };
		AA000060000000000000001A /* possoajudar.entitlements */ = {isa = PBXFileReference; lastKnownFileType = text.plist.entitlements; path = possoajudar.entitlements; sourceTree = "<group>"; };
/* End PBXFileReference section */

/* Begin PBXFrameworksBuildPhase section */
		AA000005000000000000001A /* Frameworks */ = {
			isa = PBXFrameworksBuildPhase;
			buildActionMask = 2147483647;
			files = (
				AA000055000000000000001A /* HealthKit.framework in Frameworks */,
			);
			runOnlyForDeploymentPostprocessing = 0;
		};
/* End PBXFrameworksBuildPhase section */

/* Begin PBXGroup section */
		AA000006000000000000001A /* MainGroup */ = {
			isa = PBXGroup;
			children = (
				AA000008000000000000001A /* possoajudar */,
				AA000070000000000000001A /* Frameworks */,
				AA000007000000000000001A /* Products */,
			);
			sourceTree = "<group>";
		};
		AA000007000000000000001A /* Products */ = {
			isa = PBXGroup;
			children = (
				AA000010000000000000001A /* possoajudar.app */,
			);
			name = Products;
			sourceTree = "<group>";
		};
		AA000008000000000000001A /* possoajudar */ = {
			isa = PBXGroup;
			children = (
				AA000009000000000000001A /* App */,
				AA000011000000000000001A /* Models */,
				AA000012000000000000001A /* Services */,
				AA000013000000000000001A /* Views */,
				AA000015000000000000001A /* Resources */,
				AA000060000000000000001A /* possoajudar.entitlements */,
			);
			path = possoajudar;
			sourceTree = "<group>";
		};
		AA000009000000000000001A /* App */ = {
			isa = PBXGroup;
			children = (
				AA000020000000000000001A /* possoajudarApp.swift */,
			);
			path = App;
			sourceTree = "<group>";
		};
		AA000011000000000000001A /* Models */ = {
			isa = PBXGroup;
			children = (
				AA000024000000000000001A /* Models.swift */,
			);
			path = Models;
			sourceTree = "<group>";
		};
		AA000012000000000000001A /* Services */ = {
			isa = PBXGroup;
			children = (
				AA000026000000000000001A /* HealthKitManager.swift */,
				AA000028000000000000001A /* ClaudeService.swift */,
				AA000030000000000000001A /* ReadinessCalculator.swift */,
				AA000032000000000000001A /* KeychainService.swift */,
				AA000034000000000000001A /* PersistenceService.swift */,
				AA000036000000000000001A /* SystemPrompt.swift */,
			);
			path = Services;
			sourceTree = "<group>";
		};
		AA000013000000000000001A /* Views */ = {
			isa = PBXGroup;
			children = (
				AA000022000000000000001A /* ContentView.swift */,
				AA000038000000000000001A /* DashboardView.swift */,
				AA000040000000000000001A /* TrainerResponseView.swift */,
				AA000042000000000000001A /* WorkoutLogView.swift */,
				AA000044000000000000001A /* ChatView.swift */,
				AA000046000000000000001A /* SettingsView.swift */,
				AA000048000000000000001A /* HistoryView.swift */,
				AA000014000000000000001A /* Components */,
			);
			path = Views;
			sourceTree = "<group>";
		};
		AA000014000000000000001A /* Components */ = {
			isa = PBXGroup;
			children = (
				AA000050000000000000001A /* ReadinessGaugeView.swift */,
			);
			path = Components;
			sourceTree = "<group>";
		};
		AA000015000000000000001A /* Resources */ = {
			isa = PBXGroup;
			children = (
				AA000052000000000000001A /* Assets.xcassets */,
				AA000019000000000000001A /* Info.plist */,
			);
			path = Resources;
			sourceTree = "<group>";
		};
		AA000070000000000000001A /* Frameworks */ = {
			isa = PBXGroup;
			children = (
				AA000054000000000000001A /* HealthKit.framework */,
			);
			name = Frameworks;
			sourceTree = "<group>";
		};
/* End PBXGroup section */

/* Begin PBXNativeTarget section */
		AA000002000000000000001A /* possoajudar */ = {
			isa = PBXNativeTarget;
			buildConfigurationList = AA000018000000000000001A /* Build configuration list for PBXNativeTarget "possoajudar" */;
			buildPhases = (
				AA000003000000000000001A /* Sources */,
				AA000004000000000000001A /* Resources */,
				AA000005000000000000001A /* Frameworks */,
			);
			buildRules = (
			);
			dependencies = (
			);
			name = possoajudar;
			productName = possoajudar;
			productReference = AA000010000000000000001A /* possoajudar.app */;
			productType = "com.apple.product-type.application";
		};
/* End PBXNativeTarget section */

/* Begin PBXProject section */
		AA000001000000000000001A /* Project object */ = {
			isa = PBXProject;
			attributes = {
				BuildIndependentTargetsInParallel = 1;
				LastSwiftUpdateCheck = 1540;
				LastUpgradeCheck = 1540;
				TargetAttributes = {
					AA000002000000000000001A = {
						CreatedOnToolsVersion = 15.4;
					};
				};
			};
			buildConfigurationList = AA000017000000000000001A /* Build configuration list for PBXProject "possoajudar" */;
			compatibilityVersion = "Xcode 14.0";
			developmentRegion = pt_BR;
			hasScannedForEncodings = 0;
			knownRegions = (
				pt_BR,
				en,
				Base,
			);
			mainGroup = AA000006000000000000001A;
			productRefGroup = AA000007000000000000001A /* Products */;
			projectDirPath = "";
			projectRoot = "";
			targets = (
				AA000002000000000000001A /* possoajudar */,
			);
		};
/* End PBXProject section */

/* Begin PBXResourcesBuildPhase section */
		AA000004000000000000001A /* Resources */ = {
			isa = PBXResourcesBuildPhase;
			buildActionMask = 2147483647;
			files = (
				AA000053000000000000001A /* Assets.xcassets in Resources */,
			);
			runOnlyForDeploymentPostprocessing = 0;
		};
/* End PBXResourcesBuildPhase section */

/* Begin PBXSourcesBuildPhase section */
		AA000003000000000000001A /* Sources */ = {
			isa = PBXSourcesBuildPhase;
			buildActionMask = 2147483647;
			files = (
				AA000021000000000000001A /* possoajudarApp.swift in Sources */,
				AA000023000000000000001A /* ContentView.swift in Sources */,
				AA000025000000000000001A /* Models.swift in Sources */,
				AA000027000000000000001A /* HealthKitManager.swift in Sources */,
				AA000029000000000000001A /* ClaudeService.swift in Sources */,
				AA000031000000000000001A /* ReadinessCalculator.swift in Sources */,
				AA000033000000000000001A /* KeychainService.swift in Sources */,
				AA000035000000000000001A /* PersistenceService.swift in Sources */,
				AA000037000000000000001A /* SystemPrompt.swift in Sources */,
				AA000039000000000000001A /* DashboardView.swift in Sources */,
				AA000041000000000000001A /* TrainerResponseView.swift in Sources */,
				AA000043000000000000001A /* WorkoutLogView.swift in Sources */,
				AA000045000000000000001A /* ChatView.swift in Sources */,
				AA000047000000000000001A /* SettingsView.swift in Sources */,
				AA000049000000000000001A /* HistoryView.swift in Sources */,
				AA000051000000000000001A /* ReadinessGaugeView.swift in Sources */,
			);
			runOnlyForDeploymentPostprocessing = 0;
		};
/* End PBXSourcesBuildPhase section */

/* Begin XCBuildConfiguration section */
		AA000013000000000000001A /* Debug */ = {
			isa = XCBuildConfiguration;
			buildSettings = {
				ALWAYS_SEARCH_USER_PATHS = NO;
				ASSETCATALOG_COMPILER_GENERATE_SWIFT_ASSET_SYMBOL_EXTENSIONS = YES;
				CLANG_ANALYZER_NONNULL = YES;
				CLANG_ANALYZER_NUMBER_OBJECT_CONVERSION = YES_AGGRESSIVE;
				CLANG_CXX_LANGUAGE_STANDARD = "gnu++20";
				CLANG_ENABLE_MODULES = YES;
				CLANG_ENABLE_OBJC_ARC = YES;
				CLANG_ENABLE_OBJC_WEAK = YES;
				CLANG_WARN_BLOCK_CAPTURE_AUTORELEASING = YES;
				CLANG_WARN_BOOL_CONVERSION = YES;
				CLANG_WARN_COMMA = YES;
				CLANG_WARN_CONSTANT_CONVERSION = YES;
				CLANG_WARN_DEPRECATED_OBJC_IMPLEMENTATIONS = YES;
				CLANG_WARN_DIRECT_OBJC_ISA_USAGE = YES_ERROR;
				CLANG_WARN_DOCUMENTATION_COMMENTS = YES;
				CLANG_WARN_EMPTY_BODY = YES;
				CLANG_WARN_ENUM_CONVERSION = YES;
				CLANG_WARN_INFINITE_RECURSION = YES;
				CLANG_WARN_INT_CONVERSION = YES;
				CLANG_WARN_NON_LITERAL_NULL_CONVERSION = YES;
				CLANG_WARN_OBJC_IMPLICIT_RETAIN_SELF = YES;
				CLANG_WARN_OBJC_LITERAL_CONVERSION = YES;
				CLANG_WARN_OBJC_ROOT_CLASS = YES_ERROR;
				CLANG_WARN_QUOTED_INCLUDE_IN_FRAMEWORK_HEADER = YES;
				CLANG_WARN_RANGE_LOOP_ANALYSIS = YES;
				CLANG_WARN_STRICT_PROTOTYPES = YES;
				CLANG_WARN_SUSPICIOUS_MOVE = YES;
				CLANG_WARN_UNGUARDED_AVAILABILITY = YES_AGGRESSIVE;
				CLANG_WARN_UNREACHABLE_CODE = YES;
				CLANG_WARN__DUPLICATE_METHOD_MATCH = YES;
				COPY_PHASE_STRIP = NO;
				DEBUG_INFORMATION_FORMAT = dwarf;
				ENABLE_STRICT_OBJC_MSGSEND = YES;
				ENABLE_TESTABILITY = YES;
				ENABLE_USER_SCRIPT_SANDBOXING = YES;
				GCC_C_LANGUAGE_STANDARD = gnu17;
				GCC_DYNAMIC_NO_PIC = NO;
				GCC_NO_COMMON_BLOCKS = YES;
				GCC_OPTIMIZATION_LEVEL = 0;
				GCC_PREPROCESSOR_DEFINITIONS = (
					"DEBUG=1",
					"$(inherited)",
				);
				GCC_WARN_64_TO_32_BIT_CONVERSION = YES;
				GCC_WARN_ABOUT_RETURN_TYPE = YES_ERROR;
				GCC_WARN_UNDECLARED_SELECTOR = YES;
				GCC_WARN_UNINITIALIZED_AUTOS = YES_AGGRESSIVE;
				GCC_WARN_UNUSED_FUNCTION = YES;
				GCC_WARN_UNUSED_VARIABLE = YES;
				IPHONEOS_DEPLOYMENT_TARGET = 16.0;
				LOCALIZATION_PREFERS_STRING_CATALOGS = YES;
				MTL_ENABLE_DEBUG_INFO = INCLUDE_SOURCE;
				MTL_FAST_MATH = YES;
				ONLY_ACTIVE_ARCH = YES;
				SDKROOT = iphoneos;
				SWIFT_ACTIVE_COMPILATION_CONDITIONS = "DEBUG $(inherited)";
				SWIFT_OPTIMIZATION_LEVEL = "-Onone";
			};
			name = Debug;
		};
		AA000014000000000000001A /* Release */ = {
			isa = XCBuildConfiguration;
			buildSettings = {
				ALWAYS_SEARCH_USER_PATHS = NO;
				ASSETCATALOG_COMPILER_GENERATE_SWIFT_ASSET_SYMBOL_EXTENSIONS = YES;
				CLANG_ANALYZER_NONNULL = YES;
				CLANG_ANALYZER_NUMBER_OBJECT_CONVERSION = YES_AGGRESSIVE;
				CLANG_CXX_LANGUAGE_STANDARD = "gnu++20";
				CLANG_ENABLE_MODULES = YES;
				CLANG_ENABLE_OBJC_ARC = YES;
				CLANG_ENABLE_OBJC_WEAK = YES;
				CLANG_WARN_BLOCK_CAPTURE_AUTORELEASING = YES;
				CLANG_WARN_BOOL_CONVERSION = YES;
				CLANG_WARN_COMMA = YES;
				CLANG_WARN_CONSTANT_CONVERSION = YES;
				CLANG_WARN_DEPRECATED_OBJC_IMPLEMENTATIONS = YES;
				CLANG_WARN_DIRECT_OBJC_ISA_USAGE = YES_ERROR;
				CLANG_WARN_DOCUMENTATION_COMMENTS = YES;
				CLANG_WARN_EMPTY_BODY = YES;
				CLANG_WARN_ENUM_CONVERSION = YES;
				CLANG_WARN_INFINITE_RECURSION = YES;
				CLANG_WARN_INT_CONVERSION = YES;
				CLANG_WARN_NON_LITERAL_NULL_CONVERSION = YES;
				CLANG_WARN_OBJC_IMPLICIT_RETAIN_SELF = YES;
				CLANG_WARN_OBJC_LITERAL_CONVERSION = YES;
				CLANG_WARN_OBJC_ROOT_CLASS = YES_ERROR;
				CLANG_WARN_QUOTED_INCLUDE_IN_FRAMEWORK_HEADER = YES;
				CLANG_WARN_RANGE_LOOP_ANALYSIS = YES;
				CLANG_WARN_STRICT_PROTOTYPES = YES;
				CLANG_WARN_SUSPICIOUS_MOVE = YES;
				CLANG_WARN_UNGUARDED_AVAILABILITY = YES_AGGRESSIVE;
				CLANG_WARN_UNREACHABLE_CODE = YES;
				CLANG_WARN__DUPLICATE_METHOD_MATCH = YES;
				COPY_PHASE_STRIP = NO;
				DEBUG_INFORMATION_FORMAT = "dwarf-with-dsym";
				ENABLE_NS_ASSERTIONS = NO;
				ENABLE_STRICT_OBJC_MSGSEND = YES;
				ENABLE_USER_SCRIPT_SANDBOXING = YES;
				GCC_C_LANGUAGE_STANDARD = gnu17;
				GCC_NO_COMMON_BLOCKS = YES;
				GCC_WARN_64_TO_32_BIT_CONVERSION = YES;
				GCC_WARN_ABOUT_RETURN_TYPE = YES_ERROR;
				GCC_WARN_UNDECLARED_SELECTOR = YES;
				GCC_WARN_UNINITIALIZED_AUTOS = YES_AGGRESSIVE;
				GCC_WARN_UNUSED_FUNCTION = YES;
				GCC_WARN_UNUSED_VARIABLE = YES;
				IPHONEOS_DEPLOYMENT_TARGET = 16.0;
				LOCALIZATION_PREFERS_STRING_CATALOGS = YES;
				MTL_FAST_MATH = YES;
				SDKROOT = iphoneos;
				SWIFT_COMPILATION_MODE = wholemodule;
				VALIDATE_PRODUCT = YES;
			};
			name = Release;
		};
		AA000015000000000000001A /* Debug */ = {
			isa = XCBuildConfiguration;
			buildSettings = {
				ASSETCATALOG_COMPILER_APPICON_NAME = AppIcon;
				ASSETCATALOG_COMPILER_GLOBAL_ACCENT_COLOR_NAME = AccentColor;
				CODE_SIGN_ENTITLEMENTS = possoajudar/possoajudar.entitlements;
				CODE_SIGN_STYLE = Automatic;
				CURRENT_PROJECT_VERSION = 1;
				DEVELOPMENT_ASSET_PATHS = "";
				ENABLE_PREVIEWS = YES;
				GENERATE_INFOPLIST_FILE = NO;
				INFOPLIST_FILE = possoajudar/Resources/Info.plist;
				IPHONEOS_DEPLOYMENT_TARGET = 16.0;
				LD_RUNPATH_SEARCH_PATHS = (
					"$(inherited)",
					"@executable_path/Frameworks",
				);
				MARKETING_VERSION = 1.0;
				PRODUCT_BUNDLE_IDENTIFIER = com.possoajudar.app;
				PRODUCT_NAME = "$(TARGET_NAME)";
				SWIFT_EMIT_LOC_STRINGS = YES;
				SWIFT_VERSION = 5.0;
				TARGETED_DEVICE_FAMILY = 1;
			};
			name = Debug;
		};
		AA000016000000000000001A /* Release */ = {
			isa = XCBuildConfiguration;
			buildSettings = {
				ASSETCATALOG_COMPILER_APPICON_NAME = AppIcon;
				ASSETCATALOG_COMPILER_GLOBAL_ACCENT_COLOR_NAME = AccentColor;
				CODE_SIGN_ENTITLEMENTS = possoajudar/possoajudar.entitlements;
				CODE_SIGN_STYLE = Automatic;
				CURRENT_PROJECT_VERSION = 1;
				DEVELOPMENT_ASSET_PATHS = "";
				ENABLE_PREVIEWS = YES;
				GENERATE_INFOPLIST_FILE = NO;
				INFOPLIST_FILE = possoajudar/Resources/Info.plist;
				IPHONEOS_DEPLOYMENT_TARGET = 16.0;
				LD_RUNPATH_SEARCH_PATHS = (
					"$(inherited)",
					"@executable_path/Frameworks",
				);
				MARKETING_VERSION = 1.0;
				PRODUCT_BUNDLE_IDENTIFIER = com.possoajudar.app;
				PRODUCT_NAME = "$(TARGET_NAME)";
				SWIFT_EMIT_LOC_STRINGS = YES;
				SWIFT_VERSION = 5.0;
				TARGETED_DEVICE_FAMILY = 1;
			};
			name = Release;
		};
/* End XCBuildConfiguration section */

/* Begin XCConfigurationList section */
		AA000017000000000000001A /* Build configuration list for PBXProject "possoajudar" */ = {
			isa = XCConfigurationList;
			buildConfigurations = (
				AA000013000000000000001A /* Debug */,
				AA000014000000000000001A /* Release */,
			);
			defaultConfigurationIsVisible = 0;
			defaultConfigurationName = Release;
		};
		AA000018000000000000001A /* Build configuration list for PBXNativeTarget "possoajudar" */ = {
			isa = XCConfigurationList;
			buildConfigurations = (
				AA000015000000000000001A /* Debug */,
				AA000016000000000000001A /* Release */,
			);
			defaultConfigurationIsVisible = 0;
			defaultConfigurationName = Release;
		};
/* End XCConfigurationList section */

	};
	rootObject = AA000001000000000000001A /* Project object */;
}
